{
    "_meta": {
        "hash": {
            "sha256": "8653af06787fe7e1c293a307bca18e9cb174a9fac3edf542ed28a8ffa2633e90"
        },
        "pipfile-spec": 6,
        "requires": {
            "python_version": "3.9"
        },
        "sources": [
            {
                "name": "pypi",
                "url": "https://pypi.org/simple",
                "verify_ssl": true
            }
        ]
    },
    "default": {
        "plyvel": {
            "hashes": [
                "sha256:43fa2850b39ab97b5c1a042295a4e14f7daa0d6902b04d88aa9fb3bb50c74043",
                "sha256:a7a09033a0fd33ca47094e8bbe01714abfcf644f4b7a337d3970e91a2599e2c4",
                "sha256:ca7cc1017e1ddea1293a00df7b1816b060cfe2cd3b324cbaaaeb78ae107328c7",
                "sha256:ccc0bb6237b1f4f49338419b006fac1cd39089dcaccb93b7a8756b83be0c9317",
                "sha256:d04a56191f4bccd156963248d4f598cf2487137eb414a6be5874cfb2787d747c"
            ],
            "index": "pypi",
            "version": "==1.3.0"
        },
        "uwsgi": {
            "hashes": [
                "sha256:faa85e053c0b1be4d5585b0858d3a511d2cd10201802e8676060fd0a109e5869"
            ],
            "index": "pypi",
            "version": "==2.0.19.1"
        }
    },
    "develop": {}
}
